{
  "name": "gmail-filter-xml-gen",
  "version": "0.0.1",
  "lockfileVersion": 1,
  "requires": true,
  "dependencies": {
    "@types/node": {
      "version": "9.6.5",
      "resolved": "https://registry.npmjs.org/@types/node/-/node-9.6.5.tgz",
      "integrity": "sha512-NOLEgsT6UiDTjnWG5Hd2Mg25LRyz/oe8ql3wbjzgSFeRzRROhPmtlsvIrei4B46UjERF0td9SZ1ZXPLOdcrBHg=="
    },
    "csv-parse": {
      "version": "2.2.0",
      "resolved": "https://registry.npmjs.org/csv-parse/-/csv-parse-2.2.0.tgz",
      "integrity": "sha512-nNXh61kEIUbTXPWPZbrKlkkylh7BDxffDUWQPWIho+Rog4XWRV8bTR8ZVo8qngzAwbhlvtKFcsaf2hGDV1iF8Q=="
    },
    "flags": {
      "version": "0.1.3",
      "resolved": "https://registry.npmjs.org/flags/-/flags-0.1.3.tgz",
      "integrity": "sha1-lh0vyM3zZp1jBB4w5bJK2tNvV1g="
    },
    "xml": {
      "version": "1.0.1",
      "resolved": "https://registry.npmjs.org/xml/-/xml-1.0.1.tgz",
      "integrity": "sha1-eLpyAgApxbyHuKgaPPzXS0ovweU="
    }
  }
}
