{
  "name": "gmail-filter-xml-gen",
  "version": "0.0.0",
  "lockfileVersion": 1,
  "requires": true,
  "dependencies": {
    "csv-parse": {
      "version": "2.2.0",
      "resolved": "https://registry.npmjs.org/csv-parse/-/csv-parse-2.2.0.tgz",
      "integrity": "sha512-nNXh61kEIUbTXPWPZbrKlkkylh7BDxffDUWQPWIho+Rog4XWRV8bTR8ZVo8qngzAwbhlvtKFcsaf2hGDV1iF8Q=="
    },
    "xml": {
      "version": "1.0.1",
      "resolved": "https://registry.npmjs.org/xml/-/xml-1.0.1.tgz",
      "integrity": "sha1-eLpyAgApxbyHuKgaPPzXS0ovweU="
    }
  }
}
